// !$*UTF8*$!
{
	archiveVersion = 1;
	classes = {
	};
	objectVersion = 46;
	objects = {

/* Begin PBXBuildFile section */
		487E13A1CFBA04AB90270ED0 /* Pods_test3.framework in Frameworks */ = {isa = PBXBuildFile; fileRef = 3CF2281A4609B2F406790A71 /* Pods_test3.framework */; };
		AB2127BF1F318C02004BB903 /* AppDelegate.swift in Sources */ = {isa = PBXBuildFile; fileRef = AB2127BE1F318C02004BB903 /* AppDelegate.swift */; };
		AB2127C11F318C02004BB903 /* ViewController.swift in Sources */ = {isa = PBXBuildFile; fileRef = AB2127C01F318C02004BB903 /* ViewController.swift */; };
		AB2127C41F318C02004BB903 /* Main.storyboard in Resources */ = {isa = PBXBuildFile; fileRef = AB2127C21F318C02004BB903 /* Main.storyboard */; };
		AB2127C61F318C02004BB903 /* Assets.xcassets in Resources */ = {isa = PBXBuildFile; fileRef = AB2127C51F318C02004BB903 /* Assets.xcassets */; };
		AB2127C91F318C02004BB903 /* LaunchScreen.storyboard in Resources */ = {isa = PBXBuildFile; fileRef = AB2127C71F318C02004BB903 /* LaunchScreen.storyboard */; };
		AB80A6631F31B23500F39AF8 /* うさぎ矢印右.png in Resources */ = {isa = PBXBuildFile; fileRef = AB80A6621F31B23500F39AF8 /* うさぎ矢印右.png */; };
/* End PBXBuildFile section */

/* Begin PBXFileReference section */
		3CF2281A4609B2F406790A71 /* Pods_test3.framework */ = {isa = PBXFileReference; explicitFileType = wrapper.framework; includeInIndex = 0; path = Pods_test3.framework; sourceTree = BUILT_PRODUCTS_DIR; };
		AB2127BB1F318C02004BB903 /* test3.app */ = {isa = PBXFileReference; explicitFileType = wrapper.application; includeInIndex = 0; path = test3.app; sourceTree = BUILT_PRODUCTS_DIR; };
		AB2127BE1F318C02004BB903 /* AppDelegate.swift */ = {isa = PBXFileReference; lastKnownFileType = sourcecode.swift; path = AppDelegate.swift; sourceTree = "<group>"; };
		AB2127C01F318C02004BB903 /* ViewController.swift */ = {isa = PBXFileReference; lastKnownFileType = sourcecode.swift; path = ViewController.swift; sourceTree = "<group>"; };
		AB2127C31F318C02004BB903 /* Base */ = {isa = PBXFileReference; lastKnownFileType = file.storyboard; name = Base; path = Base.lproj/Main.storyboard; sourceTree = "<group>"; };
		AB2127C51F318C02004BB903 /* Assets.xcassets */ = {isa = PBXFileReference; lastKnownFileType = folder.assetcatalog; path = Assets.xcassets; sourceTree = "<group>"; };
		AB2127C81F318C02004BB903 /* Base */ = {isa = PBXFileReference; lastKnownFileType = file.storyboard; name = Base; path = Base.lproj/LaunchScreen.storyboard; sourceTree = "<group>"; };
		AB2127CA1F318C02004BB903 /* Info.plist */ = {isa = PBXFileReference; lastKnownFileType = text.plist.xml; path = Info.plist; sourceTree = "<group>"; };
		AB80A6621F31B23500F39AF8 /* うさぎ矢印右.png */ = {isa = PBXFileReference; lastKnownFileType = image.png; path = "うさぎ矢印右.png"; sourceTree = "<group>"; };
		B6C735ADE0ED3747E65C1C3E /* Pods-test3.debug.xcconfig */ = {isa = PBXFileReference; includeInIndex = 1; lastKnownFileType = text.xcconfig; name = "Pods-test3.debug.xcconfig"; path = "Pods/Target Support Files/Pods-test3/Pods-test3.debug.xcconfig"; sourceTree = "<group>"; };
		BA2D504F497F1B8933EB6225 /* Pods-test3.release.xcconfig */ = {isa = PBXFileReference; includeInIndex = 1; lastKnownFileType = text.xcconfig; name = "Pods-test3.release.xcconfig"; path = "Pods/Target Support Files/Pods-test3/Pods-test3.release.xcconfig"; sourceTree = "<group>"; };
/* End PBXFileReference section */

/* Begin PBXFrameworksBuildPhase section */
		AB2127B81F318C02004BB903 /* Frameworks */ = {
			isa = PBXFrameworksBuildPhase;
			buildActionMask = 2147483647;
			files = (
				487E13A1CFBA04AB90270ED0 /* Pods_test3.framework in Frameworks */,
			);
			runOnlyForDeploymentPostprocessing = 0;
		};
/* End PBXFrameworksBuildPhase section */

/* Begin PBXGroup section */
		AB2127B21F318C02004BB903 = {
			isa = PBXGroup;
			children = (
				AB2127BD1F318C02004BB903 /* test3 */,
				AB2127BC1F318C02004BB903 /* Products */,
				BB3C42F70D585D3C8E17C7BE /* Pods */,
				C944A8907D4C63366066643C /* Frameworks */,
			);
			sourceTree = "<group>";
		};
		AB2127BC1F318C02004BB903 /* Products */ = {
			isa = PBXGroup;
			children = (
				AB2127BB1F318C02004BB903 /* test3.app */,
			);
			name = Products;
			sourceTree = "<group>";
		};
		AB2127BD1F318C02004BB903 /* test3 */ = {
			isa = PBXGroup;
			children = (
				AB2127BE1F318C02004BB903 /* AppDelegate.swift */,
				AB80A6621F31B23500F39AF8 /* うさぎ矢印右.png */,
				AB2127C01F318C02004BB903 /* ViewController.swift */,
				AB2127C21F318C02004BB903 /* Main.storyboard */,
				AB2127C51F318C02004BB903 /* Assets.xcassets */,
				AB2127C71F318C02004BB903 /* LaunchScreen.storyboard */,
				AB2127CA1F318C02004BB903 /* Info.plist */,
			);
			path = test3;
			sourceTree = "<group>";
		};
		BB3C42F70D585D3C8E17C7BE /* Pods */ = {
			isa = PBXGroup;
			children = (
				B6C735ADE0ED3747E65C1C3E /* Pods-test3.debug.xcconfig */,
				BA2D504F497F1B8933EB6225 /* Pods-test3.release.xcconfig */,
			);
			name = Pods;
			sourceTree = "<group>";
		};
		C944A8907D4C63366066643C /* Frameworks */ = {
			isa = PBXGroup;
			children = (
				3CF2281A4609B2F406790A71 /* Pods_test3.framework */,
			);
			name = Frameworks;
			sourceTree = "<group>";
		};
/* End PBXGroup section */

/* Begin PBXNativeTarget section */
		AB2127BA1F318C02004BB903 /* test3 */ = {
			isa = PBXNativeTarget;
			buildConfigurationList = AB2127CD1F318C02004BB903 /* Build configuration list for PBXNativeTarget "test3" */;
			buildPhases = (
				421CFC1AD602CF1F357EEA44 /* [CP] Check Pods Manifest.lock */,
				AB2127B71F318C02004BB903 /* Sources */,
				AB2127B81F318C02004BB903 /* Frameworks */,
				AB2127B91F318C02004BB903 /* Resources */,
				60A91230B706C34021A39FB1 /* [CP] Embed Pods Frameworks */,
				56C55232DAE743756C64EA82 /* [CP] Copy Pods Resources */,
			);
			buildRules = (
			);
			dependencies = (
			);
			name = test3;
			productName = test3;
			productReference = AB2127BB1F318C02004BB903 /* test3.app */;
			productType = "com.apple.product-type.application";
		};
/* End PBXNativeTarget section */

/* Begin PBXProject section */
		AB2127B31F318C02004BB903 /* Project object */ = {
			isa = PBXProject;
			attributes = {
				LastSwiftUpdateCheck = 0830;
				LastUpgradeCheck = 0830;
				ORGANIZATIONNAME = nttr;
				TargetAttributes = {
					AB2127BA1F318C02004BB903 = {
						CreatedOnToolsVersion = 8.3.3;
						ProvisioningStyle = Automatic;
					};
				};
			};
			buildConfigurationList = AB2127B61F318C02004BB903 /* Build configuration list for PBXProject "test3" */;
			compatibilityVersion = "Xcode 3.2";
			developmentRegion = English;
			hasScannedForEncodings = 0;
			knownRegions = (
				en,
				Base,
			);
			mainGroup = AB2127B21F318C02004BB903;
			productRefGroup = AB2127BC1F318C02004BB903 /* Products */;
			projectDirPath = "";
			projectRoot = "";
			targets = (
				AB2127BA1F318C02004BB903 /* test3 */,
			);
		};
/* End PBXProject section */

/* Begin PBXResourcesBuildPhase section */
		AB2127B91F318C02004BB903 /* Resources */ = {
			isa = PBXResourcesBuildPhase;
			buildActionMask = 2147483647;
			files = (
				AB80A6631F31B23500F39AF8 /* うさぎ矢印右.png in Resources */,
				AB2127C91F318C02004BB903 /* LaunchScreen.storyboard in Resources */,
				AB2127C61F318C02004BB903 /* Assets.xcassets in Resources */,
				AB2127C41F318C02004BB903 /* Main.storyboard in Resources */,
			);
			runOnlyForDeploymentPostprocessing = 0;
		};
/* End PBXResourcesBuildPhase section */

/* Begin PBXShellScriptBuildPhase section */
		421CFC1AD602CF1F357EEA44 /* [CP] Check Pods Manifest.lock */ = {
			isa = PBXShellScriptBuildPhase;
			buildActionMask = 2147483647;
			files = (
			);
			inputPaths = (
			);
			name = "[CP] Check Pods Manifest.lock";
			outputPaths = (
			);
			runOnlyForDeploymentPostprocessing = 0;
			shellPath = /bin/sh;
			shellScript = "diff \"${PODS_PODFILE_DIR_PATH}/Podfile.lock\" \"${PODS_ROOT}/Manifest.lock\" > /dev/null\nif [ $? != 0 ] ; then\n    # print error to STDERR\n    echo \"error: The sandbox is not in sync with the Podfile.lock. Run 'pod install' or update your CocoaPods installation.\" >&2\n    exit 1\nfi\n";
			showEnvVarsInLog = 0;
		};
		56C55232DAE743756C64EA82 /* [CP] Copy Pods Resources */ = {
			isa = PBXShellScriptBuildPhase;
			buildActionMask = 2147483647;
			files = (
			);
			inputPaths = (
			);
			name = "[CP] Copy Pods Resources";
			outputPaths = (
			);
			runOnlyForDeploymentPostprocessing = 0;
			shellPath = /bin/sh;
			shellScript = "\"${SRCROOT}/Pods/Target Support Files/Pods-test3/Pods-test3-resources.sh\"\n";
			showEnvVarsInLog = 0;
		};
		60A91230B706C34021A39FB1 /* [CP] Embed Pods Frameworks */ = {
			isa = PBXShellScriptBuildPhase;
			buildActionMask = 2147483647;
			files = (
			);
			inputPaths = (
			);
			name = "[CP] Embed Pods Frameworks";
			outputPaths = (
			);
			runOnlyForDeploymentPostprocessing = 0;
			shellPath = /bin/sh;
			shellScript = "\"${SRCROOT}/Pods/Target Support Files/Pods-test3/Pods-test3-frameworks.sh\"\n";
			showEnvVarsInLog = 0;
		};
/* End PBXShellScriptBuildPhase section */

/* Begin PBXSourcesBuildPhase section */
		AB2127B71F318C02004BB903 /* Sources */ = {
			isa = PBXSourcesBuildPhase;
			buildActionMask = 2147483647;
			files = (
				AB2127C11F318C02004BB903 /* ViewController.swift in Sources */,
				AB2127BF1F318C02004BB903 /* AppDelegate.swift in Sources */,
			);
			runOnlyForDeploymentPostprocessing = 0;
		};
/* End PBXSourcesBuildPhase section */

/* Begin PBXVariantGroup section */
		AB2127C21F318C02004BB903 /* Main.storyboard */ = {
			isa = PBXVariantGroup;
			children = (
				AB2127C31F318C02004BB903 /* Base */,
			);
			name = Main.storyboard;
			sourceTree = "<group>";
		};
		AB2127C71F318C02004BB903 /* LaunchScreen.storyboard */ = {
			isa = PBXVariantGroup;
			children = (
				AB2127C81F318C02004BB903 /* Base */,
			);
			name = LaunchScreen.storyboard;
			sourceTree = "<group>";
		};
/* End PBXVariantGroup section */

/* Begin XCBuildConfiguration section */
		AB2127CB1F318C02004BB903 /* Debug */ = {
			isa = XCBuildConfiguration;
			buildSettings = {
				ALWAYS_SEARCH_USER_PATHS = NO;
				CLANG_ANALYZER_NONNULL = YES;
				CLANG_ANALYZER_NUMBER_OBJECT_CONVERSION = YES_AGGRESSIVE;
				CLANG_CXX_LANGUAGE_STANDARD = "gnu++0x";
				CLANG_CXX_LIBRARY = "libc++";
				CLANG_ENABLE_MODULES = YES;
				CLANG_ENABLE_OBJC_ARC = YES;
				CLANG_WARN_BOOL_CONVERSION = YES;
				CLANG_WARN_CONSTANT_CONVERSION = YES;
				CLANG_WARN_DIRECT_OBJC_ISA_USAGE = YES_ERROR;
				CLANG_WARN_DOCUMENTATION_COMMENTS = YES;
				CLANG_WARN_EMPTY_BODY = YES;
				CLANG_WARN_ENUM_CONVERSION = YES;
				CLANG_WARN_INFINITE_RECURSION = YES;
				CLANG_WARN_INT_CONVERSION = YES;
				CLANG_WARN_OBJC_ROOT_CLASS = YES_ERROR;
				CLANG_WARN_SUSPICIOUS_MOVE = YES;
				CLANG_WARN_UNREACHABLE_CODE = YES;
				CLANG_WARN__DUPLICATE_METHOD_MATCH = YES;
				"CODE_SIGN_IDENTITY[sdk=iphoneos*]" = "iPhone Developer";
				COPY_PHASE_STRIP = NO;
				DEBUG_INFORMATION_FORMAT = dwarf;
				ENABLE_STRICT_OBJC_MSGSEND = YES;
				ENABLE_TESTABILITY = YES;
				GCC_C_LANGUAGE_STANDARD = gnu99;
				GCC_DYNAMIC_NO_PIC = NO;
				GCC_NO_COMMON_BLOCKS = YES;
				GCC_OPTIMIZATION_LEVEL = 0;
				GCC_PREPROCESSOR_DEFINITIONS = (
					"DEBUG=1",
					"$(inherited)",
				);
				GCC_WARN_64_TO_32_BIT_CONVERSION = YES;
				GCC_WARN_ABOUT_RETURN_TYPE = YES_ERROR;
				GCC_WARN_UNDECLARED_SELECTOR = YES;
				GCC_WARN_UNINITIALIZED_AUTOS = YES_AGGRESSIVE;
				GCC_WARN_UNUSED_FUNCTION = YES;
				GCC_WARN_UNUSED_VARIABLE = YES;
				IPHONEOS_DEPLOYMENT_TARGET = 10.3;
				MTL_ENABLE_DEBUG_INFO = YES;
				ONLY_ACTIVE_ARCH = YES;
				SDKROOT = iphoneos;
				SWIFT_ACTIVE_COMPILATION_CONDITIONS = DEBUG;
				SWIFT_OPTIMIZATION_LEVEL = "-Onone";
			};
			name = Debug;
		};
		AB2127CC1F318C02004BB903 /* Release */ = {
			isa = XCBuildConfiguration;
			buildSettings = {
				ALWAYS_SEARCH_USER_PATHS = NO;
				CLANG_ANALYZER_NONNULL = YES;
				CLANG_ANALYZER_NUMBER_OBJECT_CONVERSION = YES_AGGRESSIVE;
				CLANG_CXX_LANGUAGE_STANDARD = "gnu++0x";
				CLANG_CXX_LIBRARY = "libc++";
				CLANG_ENABLE_MODULES = YES;
				CLANG_ENABLE_OBJC_ARC = YES;
				CLANG_WARN_BOOL_CONVERSION = YES;
				CLANG_WARN_CONSTANT_CONVERSION = YES;
				CLANG_WARN_DIRECT_OBJC_ISA_USAGE = YES_ERROR;
				CLANG_WARN_DOCUMENTATION_COMMENTS = YES;
				CLANG_WARN_EMPTY_BODY = YES;
				CLANG_WARN_ENUM_CONVERSION = YES;
				CLANG_WARN_INFINITE_RECURSION = YES;
				CLANG_WARN_INT_CONVERSION = YES;
				CLANG_WARN_OBJC_ROOT_CLASS = YES_ERROR;
				CLANG_WARN_SUSPICIOUS_MOVE = YES;
				CLANG_WARN_UNREACHABLE_CODE = YES;
				CLANG_WARN__DUPLICATE_METHOD_MATCH = YES;
				"CODE_SIGN_IDENTITY[sdk=iphoneos*]" = "iPhone Developer";
				COPY_PHASE_STRIP = NO;
				DEBUG_INFORMATION_FORMAT = "dwarf-with-dsym";
				ENABLE_NS_ASSERTIONS = NO;
				ENABLE_STRICT_OBJC_MSGSEND = YES;
				GCC_C_LANGUAGE_STANDARD = gnu99;
				GCC_NO_COMMON_BLOCKS = YES;
				GCC_WARN_64_TO_32_BIT_CONVERSION = YES;
				GCC_WARN_ABOUT_RETURN_TYPE = YES_ERROR;
				GCC_WARN_UNDECLARED_SELECTOR = YES;
				GCC_WARN_UNINITIALIZED_AUTOS = YES_AGGRESSIVE;
				GCC_WARN_UNUSED_FUNCTION = YES;
				GCC_WARN_UNUSED_VARIABLE = YES;
				IPHONEOS_DEPLOYMENT_TARGET = 10.3;
				MTL_ENABLE_DEBUG_INFO = NO;
				SDKROOT = iphoneos;
				SWIFT_OPTIMIZATION_LEVEL = "-Owholemodule";
				VALIDATE_PRODUCT = YES;
			};
			name = Release;
		};
		AB2127CE1F318C02004BB903 /* Debug */ = {
			isa = XCBuildConfiguration;
			baseConfigurationReference = B6C735ADE0ED3747E65C1C3E /* Pods-test3.debug.xcconfig */;
			buildSettings = {
				ASSETCATALOG_COMPILER_APPICON_NAME = AppIcon;
				INFOPLIST_FILE = test3/Info.plist;
				IPHONEOS_DEPLOYMENT_TARGET = 10.0;
				LD_RUNPATH_SEARCH_PATHS = "$(inherited) @executable_path/Frameworks";
				PRODUCT_BUNDLE_IDENTIFIER = net.eritake.test3;
				PRODUCT_NAME = "$(TARGET_NAME)";
				SWIFT_VERSION = 3.0;
			};
			name = Debug;
		};
		AB2127CF1F318C02004BB903 /* Release */ = {
			isa = XCBuildConfiguration;
			baseConfigurationReference = BA2D504F497F1B8933EB6225 /* Pods-test3.release.xcconfig */;
			buildSettings = {
				ASSETCATALOG_COMPILER_APPICON_NAME = AppIcon;
				INFOPLIST_FILE = test3/Info.plist;
				IPHONEOS_DEPLOYMENT_TARGET = 10.0;
				LD_RUNPATH_SEARCH_PATHS = "$(inherited) @executable_path/Frameworks";
				PRODUCT_BUNDLE_IDENTIFIER = net.eritake.test3;
				PRODUCT_NAME = "$(TARGET_NAME)";
				SWIFT_VERSION = 3.0;
			};
			name = Release;
		};
/* End XCBuildConfiguration section */

/* Begin XCConfigurationList section */
		AB2127B61F318C02004BB903 /* Build configuration list for PBXProject "test3" */ = {
			isa = XCConfigurationList;
			buildConfigurations = (
				AB2127CB1F318C02004BB903 /* Debug */,
				AB2127CC1F318C02004BB903 /* Release */,
			);
			defaultConfigurationIsVisible = 0;
			defaultConfigurationName = Release;
		};
		AB2127CD1F318C02004BB903 /* Build configuration list for PBXNativeTarget "test3" */ = {
			isa = XCConfigurationList;
			buildConfigurations = (
				AB2127CE1F318C02004BB903 /* Debug */,
				AB2127CF1F318C02004BB903 /* Release */,
			);
			defaultConfigurationIsVisible = 0;
			defaultConfigurationName = Release;
		};
/* End XCConfigurationList section */
	};
	rootObject = AB2127B31F318C02004BB903 /* Project object */;
}
